// !$*UTF8*$!
{
	archiveVersion = 1;
	classes = {
	};
	objectVersion = 55;
	objects = {

/* Begin PBXBuildFile section */
		19C0AC432712ADFC0097DC5F /* AppDelegate.swift in Sources */ = {isa = PBXBuildFile; fileRef = 19C0AC422712ADFC0097DC5F /* AppDelegate.swift */; };
		19C0AC452712ADFC0097DC5F /* SceneDelegate.swift in Sources */ = {isa = PBXBuildFile; fileRef = 19C0AC442712ADFC0097DC5F /* SceneDelegate.swift */; };
		19C0AC472712ADFC0097DC5F /* ViewController.swift in Sources */ = {isa = PBXBuildFile; fileRef = 19C0AC462712ADFC0097DC5F /* ViewController.swift */; };
		19C0AC4A2712ADFC0097DC5F /* Main.storyboard in Resources */ = {isa = PBXBuildFile; fileRef = 19C0AC482712ADFC0097DC5F /* Main.storyboard */; };
		19C0AC4C2712ADFE0097DC5F /* Assets.xcassets in Resources */ = {isa = PBXBuildFile; fileRef = 19C0AC4B2712ADFE0097DC5F /* Assets.xcassets */; };
		19C0AC4F2712ADFE0097DC5F /* LaunchScreen.storyboard in Resources */ = {isa = PBXBuildFile; fileRef = 19C0AC4D2712ADFE0097DC5F /* LaunchScreen.storyboard */; };
		19C0AC5A2712ADFF0097DC5F /* LaughterDetectorTests.swift in Sources */ = {isa = PBXBuildFile; fileRef = 19C0AC592712ADFF0097DC5F /* LaughterDetectorTests.swift */; };
		19C0AC642712ADFF0097DC5F /* LaughterDetectorUITests.swift in Sources */ = {isa = PBXBuildFile; fileRef = 19C0AC632712ADFF0097DC5F /* LaughterDetectorUITests.swift */; };
		19C0AC662712ADFF0097DC5F /* LaughterDetectorUITestsLaunchTests.swift in Sources */ = {isa = PBXBuildFile; fileRef = 19C0AC652712ADFF0097DC5F /* LaughterDetectorUITestsLaunchTests.swift */; };
/* End PBXBuildFile section */

/* Begin PBXContainerItemProxy section */
		19C0AC562712ADFF0097DC5F /* PBXContainerItemProxy */ = {
			isa = PBXContainerItemProxy;
			containerPortal = 19C0AC372712ADFC0097DC5F /* Project object */;
			proxyType = 1;
			remoteGlobalIDString = 19C0AC3E2712ADFC0097DC5F;
			remoteInfo = LaughterDetector;
		};
		19C0AC602712ADFF0097DC5F /* PBXContainerItemProxy */ = {
			isa = PBXContainerItemProxy;
			containerPortal = 19C0AC372712ADFC0097DC5F /* Project object */;
			proxyType = 1;
			remoteGlobalIDString = 19C0AC3E2712ADFC0097DC5F;
			remoteInfo = LaughterDetector;
		};
/* End PBXContainerItemProxy section */

/* Begin PBXFileReference section */
		19C0AC3F2712ADFC0097DC5F /* LaughterDetector.app */ = {isa = PBXFileReference; explicitFileType = wrapper.application; includeInIndex = 0; path = LaughterDetector.app; sourceTree = BUILT_PRODUCTS_DIR; };
		19C0AC422712ADFC0097DC5F /* AppDelegate.swift */ = {isa = PBXFileReference; lastKnownFileType = sourcecode.swift; path = AppDelegate.swift; sourceTree = "<group>"; };
		19C0AC442712ADFC0097DC5F /* SceneDelegate.swift */ = {isa = PBXFileReference; lastKnownFileType = sourcecode.swift; path = SceneDelegate.swift; sourceTree = "<group>"; };
		19C0AC462712ADFC0097DC5F /* ViewController.swift */ = {isa = PBXFileReference; lastKnownFileType = sourcecode.swift; path = ViewController.swift; sourceTree = "<group>"; };
		19C0AC492712ADFC0097DC5F /* Base */ = {isa = PBXFileReference; lastKnownFileType = file.storyboard; name = Base; path = Base.lproj/Main.storyboard; sourceTree = "<group>"; };
		19C0AC4B2712ADFE0097DC5F /* Assets.xcassets */ = {isa = PBXFileReference; lastKnownFileType = folder.assetcatalog; path = Assets.xcassets; sourceTree = "<group>"; };
		19C0AC4E2712ADFE0097DC5F /* Base */ = {isa = PBXFileReference; lastKnownFileType = file.storyboard; name = Base; path = Base.lproj/LaunchScreen.storyboard; sourceTree = "<group>"; };
		19C0AC502712ADFF0097DC5F /* Info.plist */ = {isa = PBXFileReference; lastKnownFileType = text.plist.xml; path = Info.plist; sourceTree = "<group>"; };
		19C0AC552712ADFF0097DC5F /* LaughterDetectorTests.xctest */ = {isa = PBXFileReference; explicitFileType = wrapper.cfbundle; includeInIndex = 0; path = LaughterDetectorTests.xctest; sourceTree = BUILT_PRODUCTS_DIR; };
		19C0AC592712ADFF0097DC5F /* LaughterDetectorTests.swift */ = {isa = PBXFileReference; lastKnownFileType = sourcecode.swift; path = LaughterDetectorTests.swift; sourceTree = "<group>"; };
		19C0AC5F2712ADFF0097DC5F /* LaughterDetectorUITests.xctest */ = {isa = PBXFileReference; explicitFileType = wrapper.cfbundle; includeInIndex = 0; path = LaughterDetectorUITests.xctest; sourceTree = BUILT_PRODUCTS_DIR; };
		19C0AC632712ADFF0097DC5F /* LaughterDetectorUITests.swift */ = {isa = PBXFileReference; lastKnownFileType = sourcecode.swift; path = LaughterDetectorUITests.swift; sourceTree = "<group>"; };
		19C0AC652712ADFF0097DC5F /* LaughterDetectorUITestsLaunchTests.swift */ = {isa = PBXFileReference; lastKnownFileType = sourcecode.swift; path = LaughterDetectorUITestsLaunchTests.swift; sourceTree = "<group>"; };
/* End PBXFileReference section */

/* Begin PBXFrameworksBuildPhase section */
		19C0AC3C2712ADFC0097DC5F /* Frameworks */ = {
			isa = PBXFrameworksBuildPhase;
			buildActionMask = 2147483647;
			files = (
			);
			runOnlyForDeploymentPostprocessing = 0;
		};
		19C0AC522712ADFF0097DC5F /* Frameworks */ = {
			isa = PBXFrameworksBuildPhase;
			buildActionMask = 2147483647;
			files = (
			);
			runOnlyForDeploymentPostprocessing = 0;
		};
		19C0AC5C2712ADFF0097DC5F /* Frameworks */ = {
			isa = PBXFrameworksBuildPhase;
			buildActionMask = 2147483647;
			files = (
			);
			runOnlyForDeploymentPostprocessing = 0;
		};
/* End PBXFrameworksBuildPhase section */

/* Begin PBXGroup section */
		19C0AC362712ADFC0097DC5F = {
			isa = PBXGroup;
			children = (
				19C0AC412712ADFC0097DC5F /* LaughterDetector */,
				19C0AC582712ADFF0097DC5F /* LaughterDetectorTests */,
				19C0AC622712ADFF0097DC5F /* LaughterDetectorUITests */,
				19C0AC402712ADFC0097DC5F /* Products */,
			);
			sourceTree = "<group>";
		};
		19C0AC402712ADFC0097DC5F /* Products */ = {
			isa = PBXGroup;
			children = (
				19C0AC3F2712ADFC0097DC5F /* LaughterDetector.app */,
				19C0AC552712ADFF0097DC5F /* LaughterDetectorTests.xctest */,
				19C0AC5F2712ADFF0097DC5F /* LaughterDetectorUITests.xctest */,
			);
			name = Products;
			sourceTree = "<group>";
		};
		19C0AC412712ADFC0097DC5F /* LaughterDetector */ = {
			isa = PBXGroup;
			children = (
				19C0AC422712ADFC0097DC5F /* AppDelegate.swift */,
				19C0AC442712ADFC0097DC5F /* SceneDelegate.swift */,
				19C0AC462712ADFC0097DC5F /* ViewController.swift */,
				19C0AC482712ADFC0097DC5F /* Main.storyboard */,
				19C0AC4B2712ADFE0097DC5F /* Assets.xcassets */,
				19C0AC4D2712ADFE0097DC5F /* LaunchScreen.storyboard */,
				19C0AC502712ADFF0097DC5F /* Info.plist */,
			);
			path = LaughterDetector;
			sourceTree = "<group>";
		};
		19C0AC582712ADFF0097DC5F /* LaughterDetectorTests */ = {
			isa = PBXGroup;
			children = (
				19C0AC592712ADFF0097DC5F /* LaughterDetectorTests.swift */,
			);
			path = LaughterDetectorTests;
			sourceTree = "<group>";
		};
		19C0AC622712ADFF0097DC5F /* LaughterDetectorUITests */ = {
			isa = PBXGroup;
			children = (
				19C0AC632712ADFF0097DC5F /* LaughterDetectorUITests.swift */,
				19C0AC652712ADFF0097DC5F /* LaughterDetectorUITestsLaunchTests.swift */,
			);
			path = LaughterDetectorUITests;
			sourceTree = "<group>";
		};
/* End PBXGroup section */

/* Begin PBXNativeTarget section */
		19C0AC3E2712ADFC0097DC5F /* LaughterDetector */ = {
			isa = PBXNativeTarget;
			buildConfigurationList = 19C0AC692712ADFF0097DC5F /* Build configuration list for PBXNativeTarget "LaughterDetector" */;
			buildPhases = (
				19C0AC3B2712ADFC0097DC5F /* Sources */,
				19C0AC3C2712ADFC0097DC5F /* Frameworks */,
				19C0AC3D2712ADFC0097DC5F /* Resources */,
			);
			buildRules = (
			);
			dependencies = (
			);
			name = LaughterDetector;
			productName = LaughterDetector;
			productReference = 19C0AC3F2712ADFC0097DC5F /* LaughterDetector.app */;
			productType = "com.apple.product-type.application";
		};
		19C0AC542712ADFF0097DC5F /* LaughterDetectorTests */ = {
			isa = PBXNativeTarget;
			buildConfigurationList = 19C0AC6C2712ADFF0097DC5F /* Build configuration list for PBXNativeTarget "LaughterDetectorTests" */;
			buildPhases = (
				19C0AC512712ADFF0097DC5F /* Sources */,
				19C0AC522712ADFF0097DC5F /* Frameworks */,
				19C0AC532712ADFF0097DC5F /* Resources */,
			);
			buildRules = (
			);
			dependencies = (
				19C0AC572712ADFF0097DC5F /* PBXTargetDependency */,
			);
			name = LaughterDetectorTests;
			productName = LaughterDetectorTests;
			productReference = 19C0AC552712ADFF0097DC5F /* LaughterDetectorTests.xctest */;
			productType = "com.apple.product-type.bundle.unit-test";
		};
		19C0AC5E2712ADFF0097DC5F /* LaughterDetectorUITests */ = {
			isa = PBXNativeTarget;
			buildConfigurationList = 19C0AC6F2712ADFF0097DC5F /* Build configuration list for PBXNativeTarget "LaughterDetectorUITests" */;
			buildPhases = (
				19C0AC5B2712ADFF0097DC5F /* Sources */,
				19C0AC5C2712ADFF0097DC5F /* Frameworks */,
				19C0AC5D2712ADFF0097DC5F /* Resources */,
			);
			buildRules = (
			);
			dependencies = (
				19C0AC612712ADFF0097DC5F /* PBXTargetDependency */,
			);
			name = LaughterDetectorUITests;
			productName = LaughterDetectorUITests;
			productReference = 19C0AC5F2712ADFF0097DC5F /* LaughterDetectorUITests.xctest */;
			productType = "com.apple.product-type.bundle.ui-testing";
		};
/* End PBXNativeTarget section */

/* Begin PBXProject section */
		19C0AC372712ADFC0097DC5F /* Project object */ = {
			isa = PBXProject;
			attributes = {
				BuildIndependentTargetsInParallel = 1;
				LastSwiftUpdateCheck = 1300;
				LastUpgradeCheck = 1300;
				TargetAttributes = {
					19C0AC3E2712ADFC0097DC5F = {
						CreatedOnToolsVersion = 13.0;
					};
					19C0AC542712ADFF0097DC5F = {
						CreatedOnToolsVersion = 13.0;
						TestTargetID = 19C0AC3E2712ADFC0097DC5F;
					};
					19C0AC5E2712ADFF0097DC5F = {
						CreatedOnToolsVersion = 13.0;
						TestTargetID = 19C0AC3E2712ADFC0097DC5F;
					};
				};
			};
			buildConfigurationList = 19C0AC3A2712ADFC0097DC5F /* Build configuration list for PBXProject "LaughterDetector" */;
			compatibilityVersion = "Xcode 13.0";
			developmentRegion = en;
			hasScannedForEncodings = 0;
			knownRegions = (
				en,
				Base,
			);
			mainGroup = 19C0AC362712ADFC0097DC5F;
			productRefGroup = 19C0AC402712ADFC0097DC5F /* Products */;
			projectDirPath = "";
			projectRoot = "";
			targets = (
				19C0AC3E2712ADFC0097DC5F /* LaughterDetector */,
				19C0AC542712ADFF0097DC5F /* LaughterDetectorTests */,
				19C0AC5E2712ADFF0097DC5F /* LaughterDetectorUITests */,
			);
		};
/* End PBXProject section */

/* Begin PBXResourcesBuildPhase section */
		19C0AC3D2712ADFC0097DC5F /* Resources */ = {
			isa = PBXResourcesBuildPhase;
			buildActionMask = 2147483647;
			files = (
				19C0AC4F2712ADFE0097DC5F /* LaunchScreen.storyboard in Resources */,
				19C0AC4C2712ADFE0097DC5F /* Assets.xcassets in Resources */,
				19C0AC4A2712ADFC0097DC5F /* Main.storyboard in Resources */,
			);
			runOnlyForDeploymentPostprocessing = 0;
		};
		19C0AC532712ADFF0097DC5F /* Resources */ = {
			isa = PBXResourcesBuildPhase;
			buildActionMask = 2147483647;
			files = (
			);
			runOnlyForDeploymentPostprocessing = 0;
		};
		19C0AC5D2712ADFF0097DC5F /* Resources */ = {
			isa = PBXResourcesBuildPhase;
			buildActionMask = 2147483647;
			files = (
			);
			runOnlyForDeploymentPostprocessing = 0;
		};
/* End PBXResourcesBuildPhase section */

/* Begin PBXSourcesBuildPhase section */
		19C0AC3B2712ADFC0097DC5F /* Sources */ = {
			isa = PBXSourcesBuildPhase;
			buildActionMask = 2147483647;
			files = (
				19C0AC472712ADFC0097DC5F /* ViewController.swift in Sources */,
				19C0AC432712ADFC0097DC5F /* AppDelegate.swift in Sources */,
				19C0AC452712ADFC0097DC5F /* SceneDelegate.swift in Sources */,
			);
			runOnlyForDeploymentPostprocessing = 0;
		};
		19C0AC512712ADFF0097DC5F /* Sources */ = {
			isa = PBXSourcesBuildPhase;
			buildActionMask = 2147483647;
			files = (
				19C0AC5A2712ADFF0097DC5F /* LaughterDetectorTests.swift in Sources */,
			);
			runOnlyForDeploymentPostprocessing = 0;
		};
		19C0AC5B2712ADFF0097DC5F /* Sources */ = {
			isa = PBXSourcesBuildPhase;
			buildActionMask = 2147483647;
			files = (
				19C0AC662712ADFF0097DC5F /* LaughterDetectorUITestsLaunchTests.swift in Sources */,
				19C0AC642712ADFF0097DC5F /* LaughterDetectorUITests.swift in Sources */,
			);
			runOnlyForDeploymentPostprocessing = 0;
		};
/* End PBXSourcesBuildPhase section */

/* Begin PBXTargetDependency section */
		19C0AC572712ADFF0097DC5F /* PBXTargetDependency */ = {
			isa = PBXTargetDependency;
			target = 19C0AC3E2712ADFC0097DC5F /* LaughterDetector */;
			targetProxy = 19C0AC562712ADFF0097DC5F /* PBXContainerItemProxy */;
		};
		19C0AC612712ADFF0097DC5F /* PBXTargetDependency */ = {
			isa = PBXTargetDependency;
			target = 19C0AC3E2712ADFC0097DC5F /* LaughterDetector */;
			targetProxy = 19C0AC602712ADFF0097DC5F /* PBXContainerItemProxy */;
		};
/* End PBXTargetDependency section */

/* Begin PBXVariantGroup section */
		19C0AC482712ADFC0097DC5F /* Main.storyboard */ = {
			isa = PBXVariantGroup;
			children = (
				19C0AC492712ADFC0097DC5F /* Base */,
			);
			name = Main.storyboard;
			sourceTree = "<group>";
		};
		19C0AC4D2712ADFE0097DC5F /* LaunchScreen.storyboard */ = {
			isa = PBXVariantGroup;
			children = (
				19C0AC4E2712ADFE0097DC5F /* Base */,
			);
			name = LaunchScreen.storyboard;
			sourceTree = "<group>";
		};
/* End PBXVariantGroup section */

/* Begin XCBuildConfiguration section */
		19C0AC672712ADFF0097DC5F /* Debug */ = {
			isa = XCBuildConfiguration;
			buildSettings = {
				ALWAYS_SEARCH_USER_PATHS = NO;
				CLANG_ANALYZER_NONNULL = YES;
				CLANG_ANALYZER_NUMBER_OBJECT_CONVERSION = YES_AGGRESSIVE;
				CLANG_CXX_LANGUAGE_STANDARD = "gnu++17";
				CLANG_CXX_LIBRARY = "libc++";
				CLANG_ENABLE_MODULES = YES;
				CLANG_ENABLE_OBJC_ARC = YES;
				CLANG_ENABLE_OBJC_WEAK = YES;
				CLANG_WARN_BLOCK_CAPTURE_AUTORELEASING = YES;
				CLANG_WARN_BOOL_CONVERSION = YES;
				CLANG_WARN_COMMA = YES;
				CLANG_WARN_CONSTANT_CONVERSION = YES;
				CLANG_WARN_DEPRECATED_OBJC_IMPLEMENTATIONS = YES;
				CLANG_WARN_DIRECT_OBJC_ISA_USAGE = YES_ERROR;
				CLANG_WARN_DOCUMENTATION_COMMENTS = YES;
				CLANG_WARN_EMPTY_BODY = YES;
				CLANG_WARN_ENUM_CONVERSION = YES;
				CLANG_WARN_INFINITE_RECURSION = YES;
				CLANG_WARN_INT_CONVERSION = YES;
				CLANG_WARN_NON_LITERAL_NULL_CONVERSION = YES;
				CLANG_WARN_OBJC_IMPLICIT_RETAIN_SELF = YES;
				CLANG_WARN_OBJC_LITERAL_CONVERSION = YES;
				CLANG_WARN_OBJC_ROOT_CLASS = YES_ERROR;
				CLANG_WARN_QUOTED_INCLUDE_IN_FRAMEWORK_HEADER = YES;
				CLANG_WARN_RANGE_LOOP_ANALYSIS = YES;
				CLANG_WARN_STRICT_PROTOTYPES = YES;
				CLANG_WARN_SUSPICIOUS_MOVE = YES;
				CLANG_WARN_UNGUARDED_AVAILABILITY = YES_AGGRESSIVE;
				CLANG_WARN_UNREACHABLE_CODE = YES;
				CLANG_WARN__DUPLICATE_METHOD_MATCH = YES;
				COPY_PHASE_STRIP = NO;
				DEBUG_INFORMATION_FORMAT = dwarf;
				ENABLE_STRICT_OBJC_MSGSEND = YES;
				ENABLE_TESTABILITY = YES;
				GCC_C_LANGUAGE_STANDARD = gnu11;
				GCC_DYNAMIC_NO_PIC = NO;
				GCC_NO_COMMON_BLOCKS = YES;
				GCC_OPTIMIZATION_LEVEL = 0;
				GCC_PREPROCESSOR_DEFINITIONS = (
					"DEBUG=1",
					"$(inherited)",
				);
				GCC_WARN_64_TO_32_BIT_CONVERSION = YES;
				GCC_WARN_ABOUT_RETURN_TYPE = YES_ERROR;
				GCC_WARN_UNDECLARED_SELECTOR = YES;
				GCC_WARN_UNINITIALIZED_AUTOS = YES_AGGRESSIVE;
				GCC_WARN_UNUSED_FUNCTION = YES;
				GCC_WARN_UNUSED_VARIABLE = YES;
				IPHONEOS_DEPLOYMENT_TARGET = 15.0;
				MTL_ENABLE_DEBUG_INFO = INCLUDE_SOURCE;
				MTL_FAST_MATH = YES;
				ONLY_ACTIVE_ARCH = YES;
				SDKROOT = iphoneos;
				SWIFT_ACTIVE_COMPILATION_CONDITIONS = DEBUG;
				SWIFT_OPTIMIZATION_LEVEL = "-Onone";
			};
			name = Debug;
		};
		19C0AC682712ADFF0097DC5F /* Release */ = {
			isa = XCBuildConfiguration;
			buildSettings = {
				ALWAYS_SEARCH_USER_PATHS = NO;
				CLANG_ANALYZER_NONNULL = YES;
				CLANG_ANALYZER_NUMBER_OBJECT_CONVERSION = YES_AGGRESSIVE;
				CLANG_CXX_LANGUAGE_STANDARD = "gnu++17";
				CLANG_CXX_LIBRARY = "libc++";
				CLANG_ENABLE_MODULES = YES;
				CLANG_ENABLE_OBJC_ARC = YES;
				CLANG_ENABLE_OBJC_WEAK = YES;
				CLANG_WARN_BLOCK_CAPTURE_AUTORELEASING = YES;
				CLANG_WARN_BOOL_CONVERSION = YES;
				CLANG_WARN_COMMA = YES;
				CLANG_WARN_CONSTANT_CONVERSION = YES;
				CLANG_WARN_DEPRECATED_OBJC_IMPLEMENTATIONS = YES;
				CLANG_WARN_DIRECT_OBJC_ISA_USAGE = YES_ERROR;
				CLANG_WARN_DOCUMENTATION_COMMENTS = YES;
				CLANG_WARN_EMPTY_BODY = YES;
				CLANG_WARN_ENUM_CONVERSION = YES;
				CLANG_WARN_INFINITE_RECURSION = YES;
				CLANG_WARN_INT_CONVERSION = YES;
				CLANG_WARN_NON_LITERAL_NULL_CONVERSION = YES;
				CLANG_WARN_OBJC_IMPLICIT_RETAIN_SELF = YES;
				CLANG_WARN_OBJC_LITERAL_CONVERSION = YES;
				CLANG_WARN_OBJC_ROOT_CLASS = YES_ERROR;
				CLANG_WARN_QUOTED_INCLUDE_IN_FRAMEWORK_HEADER = YES;
				CLANG_WARN_RANGE_LOOP_ANALYSIS = YES;
				CLANG_WARN_STRICT_PROTOTYPES = YES;
				CLANG_WARN_SUSPICIOUS_MOVE = YES;
				CLANG_WARN_UNGUARDED_AVAILABILITY = YES_AGGRESSIVE;
				CLANG_WARN_UNREACHABLE_CODE = YES;
				CLANG_WARN__DUPLICATE_METHOD_MATCH = YES;
				COPY_PHASE_STRIP = NO;
				DEBUG_INFORMATION_FORMAT = "dwarf-with-dsym";
				ENABLE_NS_ASSERTIONS = NO;
				ENABLE_STRICT_OBJC_MSGSEND = YES;
				GCC_C_LANGUAGE_STANDARD = gnu11;
				GCC_NO_COMMON_BLOCKS = YES;
				GCC_WARN_64_TO_32_BIT_CONVERSION = YES;
				GCC_WARN_ABOUT_RETURN_TYPE = YES_ERROR;
				GCC_WARN_UNDECLARED_SELECTOR = YES;
				GCC_WARN_UNINITIALIZED_AUTOS = YES_AGGRESSIVE;
				GCC_WARN_UNUSED_FUNCTION = YES;
				GCC_WARN_UNUSED_VARIABLE = YES;
				IPHONEOS_DEPLOYMENT_TARGET = 15.0;
				MTL_ENABLE_DEBUG_INFO = NO;
				MTL_FAST_MATH = YES;
				SDKROOT = iphoneos;
				SWIFT_COMPILATION_MODE = wholemodule;
				SWIFT_OPTIMIZATION_LEVEL = "-O";
				VALIDATE_PRODUCT = YES;
			};
			name = Release;
		};
		19C0AC6A2712ADFF0097DC5F /* Debug */ = {
			isa = XCBuildConfiguration;
			buildSettings = {
				ASSETCATALOG_COMPILER_APPICON_NAME = AppIcon;
				ASSETCATALOG_COMPILER_GLOBAL_ACCENT_COLOR_NAME = AccentColor;
				CODE_SIGN_STYLE = Automatic;
				CURRENT_PROJECT_VERSION = 1;
				DEVELOPMENT_TEAM = 8DHTB2U6AB;
				GENERATE_INFOPLIST_FILE = YES;
				INFOPLIST_FILE = LaughterDetector/Info.plist;
				INFOPLIST_KEY_UIApplicationSupportsIndirectInputEvents = YES;
				INFOPLIST_KEY_UILaunchStoryboardName = LaunchScreen;
				INFOPLIST_KEY_UIMainStoryboardFile = Main;
				INFOPLIST_KEY_UISupportedInterfaceOrientations_iPad = "UIInterfaceOrientationPortrait UIInterfaceOrientationPortraitUpsideDown UIInterfaceOrientationLandscapeLeft UIInterfaceOrientationLandscapeRight";
				INFOPLIST_KEY_UISupportedInterfaceOrientations_iPhone = "UIInterfaceOrientationPortrait UIInterfaceOrientationLandscapeLeft UIInterfaceOrientationLandscapeRight";
				LD_RUNPATH_SEARCH_PATHS = (
					"$(inherited)",
					"@executable_path/Frameworks",
				);
				MARKETING_VERSION = 1.0;
				PRODUCT_BUNDLE_IDENTIFIER = com.tencent.LaughterDetector;
				PRODUCT_NAME = "$(TARGET_NAME)";
				SWIFT_EMIT_LOC_STRINGS = YES;
				SWIFT_VERSION = 5.0;
				TARGETED_DEVICE_FAMILY = "1,2";
			};
			name = Debug;
		};
		19C0AC6B2712ADFF0097DC5F /* Release */ = {
			isa = XCBuildConfiguration;
			buildSettings = {
				ASSETCATALOG_COMPILER_APPICON_NAME = AppIcon;
				ASSETCATALOG_COMPILER_GLOBAL_ACCENT_COLOR_NAME = AccentColor;
				CODE_SIGN_STYLE = Automatic;
				CURRENT_PROJECT_VERSION = 1;
				DEVELOPMENT_TEAM = 8DHTB2U6AB;
				GENERATE_INFOPLIST_FILE = YES;
				INFOPLIST_FILE = LaughterDetector/Info.plist;
				INFOPLIST_KEY_UIApplicationSupportsIndirectInputEvents = YES;
				INFOPLIST_KEY_UILaunchStoryboardName = LaunchScreen;
				INFOPLIST_KEY_UIMainStoryboardFile = Main;
				INFOPLIST_KEY_UISupportedInterfaceOrientations_iPad = "UIInterfaceOrientationPortrait UIInterfaceOrientationPortraitUpsideDown UIInterfaceOrientationLandscapeLeft UIInterfaceOrientationLandscapeRight";
				INFOPLIST_KEY_UISupportedInterfaceOrientations_iPhone = "UIInterfaceOrientationPortrait UIInterfaceOrientationLandscapeLeft UIInterfaceOrientationLandscapeRight";
				LD_RUNPATH_SEARCH_PATHS = (
					"$(inherited)",
					"@executable_path/Frameworks",
				);
				MARKETING_VERSION = 1.0;
				PRODUCT_BUNDLE_IDENTIFIER = com.tencent.LaughterDetector;
				PRODUCT_NAME = "$(TARGET_NAME)";
				SWIFT_EMIT_LOC_STRINGS = YES;
				SWIFT_VERSION = 5.0;
				TARGETED_DEVICE_FAMILY = "1,2";
			};
			name = Release;
		};
		19C0AC6D2712ADFF0097DC5F /* Debug */ = {
			isa = XCBuildConfiguration;
			buildSettings = {
				ALWAYS_EMBED_SWIFT_STANDARD_LIBRARIES = YES;
				BUNDLE_LOADER = "$(TEST_HOST)";
				CODE_SIGN_STYLE = Automatic;
				CURRENT_PROJECT_VERSION = 1;
				DEVELOPMENT_TEAM = 8DHTB2U6AB;
				GENERATE_INFOPLIST_FILE = YES;
				IPHONEOS_DEPLOYMENT_TARGET = 15.0;
				LD_RUNPATH_SEARCH_PATHS = (
					"$(inherited)",
					"@executable_path/Frameworks",
					"@loader_path/Frameworks",
				);
				MARKETING_VERSION = 1.0;
				PRODUCT_BUNDLE_IDENTIFIER = com.tencent.LaughterDetectorTests;
				PRODUCT_NAME = "$(TARGET_NAME)";
				SWIFT_EMIT_LOC_STRINGS = NO;
				SWIFT_VERSION = 5.0;
				TARGETED_DEVICE_FAMILY = "1,2";
				TEST_HOST = "$(BUILT_PRODUCTS_DIR)/LaughterDetector.app/LaughterDetector";
			};
			name = Debug;
		};
		19C0AC6E2712ADFF0097DC5F /* Release */ = {
			isa = XCBuildConfiguration;
			buildSettings = {
				ALWAYS_EMBED_SWIFT_STANDARD_LIBRARIES = YES;
				BUNDLE_LOADER = "$(TEST_HOST)";
				CODE_SIGN_STYLE = Automatic;
				CURRENT_PROJECT_VERSION = 1;
				DEVELOPMENT_TEAM = 8DHTB2U6AB;
				GENERATE_INFOPLIST_FILE = YES;
				IPHONEOS_DEPLOYMENT_TARGET = 15.0;
				LD_RUNPATH_SEARCH_PATHS = (
					"$(inherited)",
					"@executable_path/Frameworks",
					"@loader_path/Frameworks",
				);
				MARKETING_VERSION = 1.0;
				PRODUCT_BUNDLE_IDENTIFIER = com.tencent.LaughterDetectorTests;
				PRODUCT_NAME = "$(TARGET_NAME)";
				SWIFT_EMIT_LOC_STRINGS = NO;
				SWIFT_VERSION = 5.0;
				TARGETED_DEVICE_FAMILY = "1,2";
				TEST_HOST = "$(BUILT_PRODUCTS_DIR)/LaughterDetector.app/LaughterDetector";
			};
			name = Release;
		};
		19C0AC702712ADFF0097DC5F /* Debug */ = {
			isa = XCBuildConfiguration;
			buildSettings = {
				ALWAYS_EMBED_SWIFT_STANDARD_LIBRARIES = YES;
				CODE_SIGN_STYLE = Automatic;
				CURRENT_PROJECT_VERSION = 1;
				DEVELOPMENT_TEAM = 8DHTB2U6AB;
				GENERATE_INFOPLIST_FILE = YES;
				LD_RUNPATH_SEARCH_PATHS = (
					"$(inherited)",
					"@executable_path/Frameworks",
					"@loader_path/Frameworks",
				);
				MARKETING_VERSION = 1.0;
				PRODUCT_BUNDLE_IDENTIFIER = com.tencent.LaughterDetectorUITests;
				PRODUCT_NAME = "$(TARGET_NAME)";
				SWIFT_EMIT_LOC_STRINGS = NO;
				SWIFT_VERSION = 5.0;
				TARGETED_DEVICE_FAMILY = "1,2";
				TEST_TARGET_NAME = LaughterDetector;
			};
			name = Debug;
		};
		19C0AC712712ADFF0097DC5F /* Release */ = {
			isa = XCBuildConfiguration;
			buildSettings = {
				ALWAYS_EMBED_SWIFT_STANDARD_LIBRARIES = YES;
				CODE_SIGN_STYLE = Automatic;
				CURRENT_PROJECT_VERSION = 1;
				DEVELOPMENT_TEAM = 8DHTB2U6AB;
				GENERATE_INFOPLIST_FILE = YES;
				LD_RUNPATH_SEARCH_PATHS = (
					"$(inherited)",
					"@executable_path/Frameworks",
					"@loader_path/Frameworks",
				);
				MARKETING_VERSION = 1.0;
				PRODUCT_BUNDLE_IDENTIFIER = com.tencent.LaughterDetectorUITests;
				PRODUCT_NAME = "$(TARGET_NAME)";
				SWIFT_EMIT_LOC_STRINGS = NO;
				SWIFT_VERSION = 5.0;
				TARGETED_DEVICE_FAMILY = "1,2";
				TEST_TARGET_NAME = LaughterDetector;
			};
			name = Release;
		};
/* End XCBuildConfiguration section */

/* Begin XCConfigurationList section */
		19C0AC3A2712ADFC0097DC5F /* Build configuration list for PBXProject "LaughterDetector" */ = {
			isa = XCConfigurationList;
			buildConfigurations = (
				19C0AC672712ADFF0097DC5F /* Debug */,
				19C0AC682712ADFF0097DC5F /* Release */,
			);
			defaultConfigurationIsVisible = 0;
			defaultConfigurationName = Release;
		};
		19C0AC692712ADFF0097DC5F /* Build configuration list for PBXNativeTarget "LaughterDetector" */ = {
			isa = XCConfigurationList;
			buildConfigurations = (
				19C0AC6A2712ADFF0097DC5F /* Debug */,
				19C0AC6B2712ADFF0097DC5F /* Release */,
			);
			defaultConfigurationIsVisible = 0;
			defaultConfigurationName = Release;
		};
		19C0AC6C2712ADFF0097DC5F /* Build configuration list for PBXNativeTarget "LaughterDetectorTests" */ = {
			isa = XCConfigurationList;
			buildConfigurations = (
				19C0AC6D2712ADFF0097DC5F /* Debug */,
				19C0AC6E2712ADFF0097DC5F /* Release */,
			);
			defaultConfigurationIsVisible = 0;
			defaultConfigurationName = Release;
		};
		19C0AC6F2712ADFF0097DC5F /* Build configuration list for PBXNativeTarget "LaughterDetectorUITests" */ = {
			isa = XCConfigurationList;
			buildConfigurations = (
				19C0AC702712ADFF0097DC5F /* Debug */,
				19C0AC712712ADFF0097DC5F /* Release */,
			);
			defaultConfigurationIsVisible = 0;
			defaultConfigurationName = Release;
		};
/* End XCConfigurationList section */
	};
	rootObject = 19C0AC372712ADFC0097DC5F /* Project object */;
}
